
Microsoft Visual Studio Solution File, Format Version 11.00
# Visual Studio Express 2010 for Windows Desktop
Project("{8BC9CEB8-8B4A-11D0-8D11-00A0C91BC942}") = "wolfssh", "wolfssh\wolfssh.vcxproj", "{7C2CCF0D-A155-4914-BD1C-9A47C0530E65}"
EndProject
Project("{8BC9CEB8-8B4A-11D0-8D11-00A0C91BC942}") = "api-test", "api-test\api-test.vcxproj", "{07D36DB5-210E-45A6-8270-2DAD9DCDEFD7}"
	ProjectSection(ProjectDependencies) = postProject
		{7C2CCF0D-A155-4914-BD1C-9A47C0530E65} = {7C2CCF0D-A155-4914-BD1C-9A47C0530E65}
	EndProjectSection
EndProject
Project("{8BC9CEB8-8B4A-11D0-8D11-00A0C91BC942}") = "echoserver", "echoserver\echoserver.vcxproj", "{B4E163C2-ECA0-4DA2-9FD9-4CD6599C9D4D}"
	ProjectSection(ProjectDependencies) = postProject
		{7C2CCF0D-A155-4914-BD1C-9A47C0530E65} = {7C2CCF0D-A155-4914-BD1C-9A47C0530E65}
	EndProjectSection
EndProject
Project("{8BC9CEB8-8B4A-11D0-8D11-00A0C91BC942}") = "unit-test", "unit-test\unit-test.vcxproj", "{CBF8A91E-C52B-4044-9FDA-B99D5D3CFF02}"
EndProject
Project("{8BC9CEB8-8B4A-11D0-8D11-00A0C91BC942}") = "client", "client\client.vcxproj", "{663A7133-B13B-4C37-A5EC-97CA4D60CA3A}"
EndProject
Project("{8BC9CEB8-8B4A-11D0-8D11-00A0C91BC942}") = "testsuite", "testsuite\testsuite.vcxproj", "{BD09DA06-6D2E-4FB0-AE39-1BAE9FDAA9DD}"
EndProject
Project("{8BC9CEB8-8B4A-11D0-8D11-00A0C91BC942}") = "wolfsftp-client", "wolfsftp-client\wolfsftp-client.vcxproj", "{8DD810D6-159B-4C40-B682-FCA11F9B3680}"
EndProject
Global
	GlobalSection(SolutionConfigurationPlatforms) = preSolution
		Debug|Win32 = Debug|Win32
		Debug|x64 = Debug|x64
		DLL Debug|Win32 = DLL Debug|Win32
		DLL Debug|x64 = DLL Debug|x64
		DLL Release|Win32 = DLL Release|Win32
		DLL Release|x64 = DLL Release|x64
		Release|Win32 = Release|Win32
		Release|x64 = Release|x64
	EndGlobalSection
	GlobalSection(ProjectConfigurationPlatforms) = postSolution
		{7C2CCF0D-A155-4914-BD1C-9A47C0530E65}.Debug|Win32.ActiveCfg = Debug|Win32
		{7C2CCF0D-A155-4914-BD1C-9A47C0530E65}.Debug|Win32.Build.0 = Debug|Win32
		{7C2CCF0D-A155-4914-BD1C-9A47C0530E65}.Debug|x64.ActiveCfg = Debug|x64
		{7C2CCF0D-A155-4914-BD1C-9A47C0530E65}.Debug|x64.Build.0 = Debug|x64
		{7C2CCF0D-A155-4914-BD1C-9A47C0530E65}.DLL Debug|Win32.ActiveCfg = DLL Debug|Win32
		{7C2CCF0D-A155-4914-BD1C-9A47C0530E65}.DLL Debug|Win32.Build.0 = DLL Debug|Win32
		{7C2CCF0D-A155-4914-BD1C-9A47C0530E65}.DLL Debug|x64.ActiveCfg = DLL Debug|x64
		{7C2CCF0D-A155-4914-BD1C-9A47C0530E65}.DLL Debug|x64.Build.0 = DLL Debug|x64
		{7C2CCF0D-A155-4914-BD1C-9A47C0530E65}.DLL Release|Win32.ActiveCfg = DLL Release|Win32
		{7C2CCF0D-A155-4914-BD1C-9A47C0530E65}.DLL Release|Win32.Build.0 = DLL Release|Win32
		{7C2CCF0D-A155-4914-BD1C-9A47C0530E65}.DLL Release|x64.ActiveCfg = DLL Release|x64
		{7C2CCF0D-A155-4914-BD1C-9A47C0530E65}.DLL Release|x64.Build.0 = DLL Release|x64
		{7C2CCF0D-A155-4914-BD1C-9A47C0530E65}.Release|Win32.ActiveCfg = Release|Win32
		{7C2CCF0D-A155-4914-BD1C-9A47C0530E65}.Release|Win32.Build.0 = Release|Win32
		{7C2CCF0D-A155-4914-BD1C-9A47C0530E65}.Release|x64.ActiveCfg = Release|x64
		{7C2CCF0D-A155-4914-BD1C-9A47C0530E65}.Release|x64.Build.0 = Release|x64
		{07D36DB5-210E-45A6-8270-2DAD9DCDEFD7}.Debug|Win32.ActiveCfg = Debug|Win32
		{07D36DB5-210E-45A6-8270-2DAD9DCDEFD7}.Debug|Win32.Build.0 = Debug|Win32
		{07D36DB5-210E-45A6-8270-2DAD9DCDEFD7}.Debug|x64.ActiveCfg = Debug|x64
		{07D36DB5-210E-45A6-8270-2DAD9DCDEFD7}.Debug|x64.Build.0 = Debug|x64
		{07D36DB5-210E-45A6-8270-2DAD9DCDEFD7}.DLL Debug|Win32.ActiveCfg = DLL Debug|Win32
		{07D36DB5-210E-45A6-8270-2DAD9DCDEFD7}.DLL Debug|Win32.Build.0 = DLL Debug|Win32
		{07D36DB5-210E-45A6-8270-2DAD9DCDEFD7}.DLL Debug|x64.ActiveCfg = DLL Debug|x64
		{07D36DB5-210E-45A6-8270-2DAD9DCDEFD7}.DLL Debug|x64.Build.0 = DLL Debug|x64
		{07D36DB5-210E-45A6-8270-2DAD9DCDEFD7}.DLL Release|Win32.ActiveCfg = DLL Release|Win32
		{07D36DB5-210E-45A6-8270-2DAD9DCDEFD7}.DLL Release|Win32.Build.0 = DLL Release|Win32
		{07D36DB5-210E-45A6-8270-2DAD9DCDEFD7}.DLL Release|x64.ActiveCfg = DLL Release|x64
		{07D36DB5-210E-45A6-8270-2DAD9DCDEFD7}.DLL Release|x64.Build.0 = DLL Release|x64
		{07D36DB5-210E-45A6-8270-2DAD9DCDEFD7}.Release|Win32.ActiveCfg = Release|Win32
		{07D36DB5-210E-45A6-8270-2DAD9DCDEFD7}.Release|Win32.Build.0 = Release|Win32
		{07D36DB5-210E-45A6-8270-2DAD9DCDEFD7}.Release|x64.ActiveCfg = Release|x64
		{07D36DB5-210E-45A6-8270-2DAD9DCDEFD7}.Release|x64.Build.0 = Release|x64
		{B4E163C2-ECA0-4DA2-9FD9-4CD6599C9D4D}.Debug|Win32.ActiveCfg = Debug|Win32
		{B4E163C2-ECA0-4DA2-9FD9-4CD6599C9D4D}.Debug|Win32.Build.0 = Debug|Win32
		{B4E163C2-ECA0-4DA2-9FD9-4CD6599C9D4D}.Debug|x64.ActiveCfg = Debug|x64
		{B4E163C2-ECA0-4DA2-9FD9-4CD6599C9D4D}.Debug|x64.Build.0 = Debug|x64
		{B4E163C2-ECA0-4DA2-9FD9-4CD6599C9D4D}.DLL Debug|Win32.ActiveCfg = DLL Debug|Win32
		{B4E163C2-ECA0-4DA2-9FD9-4CD6599C9D4D}.DLL Debug|Win32.Build.0 = DLL Debug|Win32
		{B4E163C2-ECA0-4DA2-9FD9-4CD6599C9D4D}.DLL Debug|x64.ActiveCfg = DLL Debug|x64
		{B4E163C2-ECA0-4DA2-9FD9-4CD6599C9D4D}.DLL Debug|x64.Build.0 = DLL Debug|x64
		{B4E163C2-ECA0-4DA2-9FD9-4CD6599C9D4D}.DLL Release|Win32.ActiveCfg = DLL Release|Win32
		{B4E163C2-ECA0-4DA2-9FD9-4CD6599C9D4D}.DLL Release|Win32.Build.0 = DLL Release|Win32
		{B4E163C2-ECA0-4DA2-9FD9-4CD6599C9D4D}.DLL Release|x64.ActiveCfg = DLL Release|x64
		{B4E163C2-ECA0-4DA2-9FD9-4CD6599C9D4D}.DLL Release|x64.Build.0 = DLL Release|x64
		{B4E163C2-ECA0-4DA2-9FD9-4CD6599C9D4D}.Release|Win32.ActiveCfg = Release|Win32
		{B4E163C2-ECA0-4DA2-9FD9-4CD6599C9D4D}.Release|Win32.Build.0 = Release|Win32
		{B4E163C2-ECA0-4DA2-9FD9-4CD6599C9D4D}.Release|x64.ActiveCfg = Release|x64
		{B4E163C2-ECA0-4DA2-9FD9-4CD6599C9D4D}.Release|x64.Build.0 = Release|x64
		{CBF8A91E-C52B-4044-9FDA-B99D5D3CFF02}.Debug|Win32.ActiveCfg = Debug|Win32
		{CBF8A91E-C52B-4044-9FDA-B99D5D3CFF02}.Debug|Win32.Build.0 = Debug|Win32
		{CBF8A91E-C52B-4044-9FDA-B99D5D3CFF02}.Debug|x64.ActiveCfg = Debug|x64
		{CBF8A91E-C52B-4044-9FDA-B99D5D3CFF02}.Debug|x64.Build.0 = Debug|x64
		{CBF8A91E-C52B-4044-9FDA-B99D5D3CFF02}.DLL Debug|Win32.ActiveCfg = DLL Debug|Win32
		{CBF8A91E-C52B-4044-9FDA-B99D5D3CFF02}.DLL Debug|Win32.Build.0 = DLL Debug|Win32
		{CBF8A91E-C52B-4044-9FDA-B99D5D3CFF02}.DLL Debug|x64.ActiveCfg = DLL Debug|x64
		{CBF8A91E-C52B-4044-9FDA-B99D5D3CFF02}.DLL Debug|x64.Build.0 = DLL Debug|x64
		{CBF8A91E-C52B-4044-9FDA-B99D5D3CFF02}.DLL Release|Win32.ActiveCfg = DLL Release|Win32
		{CBF8A91E-C52B-4044-9FDA-B99D5D3CFF02}.DLL Release|Win32.Build.0 = DLL Release|Win32
		{CBF8A91E-C52B-4044-9FDA-B99D5D3CFF02}.DLL Release|x64.ActiveCfg = DLL Release|x64
		{CBF8A91E-C52B-4044-9FDA-B99D5D3CFF02}.DLL Release|x64.Build.0 = DLL Release|x64
		{CBF8A91E-C52B-4044-9FDA-B99D5D3CFF02}.Release|Win32.ActiveCfg = Release|Win32
		{CBF8A91E-C52B-4044-9FDA-B99D5D3CFF02}.Release|Win32.Build.0 = Release|Win32
		{CBF8A91E-C52B-4044-9FDA-B99D5D3CFF02}.Release|x64.ActiveCfg = Release|x64
		{CBF8A91E-C52B-4044-9FDA-B99D5D3CFF02}.Release|x64.Build.0 = Release|x64
		{663A7133-B13B-4C37-A5EC-97CA4D60CA3A}.Debug|Win32.ActiveCfg = Debug|Win32
		{663A7133-B13B-4C37-A5EC-97CA4D60CA3A}.Debug|Win32.Build.0 = Debug|Win32
		{663A7133-B13B-4C37-A5EC-97CA4D60CA3A}.Debug|x64.ActiveCfg = Debug|x64
		{663A7133-B13B-4C37-A5EC-97CA4D60CA3A}.Debug|x64.Build.0 = Debug|x64
		{663A7133-B13B-4C37-A5EC-97CA4D60CA3A}.DLL Debug|Win32.ActiveCfg = DLL Debug|Win32
		{663A7133-B13B-4C37-A5EC-97CA4D60CA3A}.DLL Debug|Win32.Build.0 = DLL Debug|Win32
		{663A7133-B13B-4C37-A5EC-97CA4D60CA3A}.DLL Debug|x64.ActiveCfg = DLL Debug|x64
		{663A7133-B13B-4C37-A5EC-97CA4D60CA3A}.DLL Debug|x64.Build.0 = DLL Debug|x64
		{663A7133-B13B-4C37-A5EC-97CA4D60CA3A}.DLL Release|Win32.ActiveCfg = DLL Release|Win32
		{663A7133-B13B-4C37-A5EC-97CA4D60CA3A}.DLL Release|Win32.Build.0 = DLL Release|Win32
		{663A7133-B13B-4C37-A5EC-97CA4D60CA3A}.DLL Release|x64.ActiveCfg = DLL Release|x64
		{663A7133-B13B-4C37-A5EC-97CA4D60CA3A}.DLL Release|x64.Build.0 = DLL Release|x64
		{663A7133-B13B-4C37-A5EC-97CA4D60CA3A}.Release|Win32.ActiveCfg = Release|Win32
		{663A7133-B13B-4C37-A5EC-97CA4D60CA3A}.Release|Win32.Build.0 = Release|Win32
		{663A7133-B13B-4C37-A5EC-97CA4D60CA3A}.Release|x64.ActiveCfg = Release|x64
		{663A7133-B13B-4C37-A5EC-97CA4D60CA3A}.Release|x64.Build.0 = Release|x64
		{BD09DA06-6D2E-4FB0-AE39-1BAE9FDAA9DD}.Debug|Win32.ActiveCfg = Debug|Win32
		{BD09DA06-6D2E-4FB0-AE39-1BAE9FDAA9DD}.Debug|Win32.Build.0 = Debug|Win32
		{BD09DA06-6D2E-4FB0-AE39-1BAE9FDAA9DD}.Debug|x64.ActiveCfg = Debug|x64
		{BD09DA06-6D2E-4FB0-AE39-1BAE9FDAA9DD}.DLL Debug|Win32.ActiveCfg = DLL Debug|Win32
		{BD09DA06-6D2E-4FB0-AE39-1BAE9FDAA9DD}.DLL Debug|Win32.Build.0 = DLL Debug|Win32
		{BD09DA06-6D2E-4FB0-AE39-1BAE9FDAA9DD}.DLL Debug|x64.ActiveCfg = DLL Debug|x64
		{BD09DA06-6D2E-4FB0-AE39-1BAE9FDAA9DD}.DLL Release|Win32.ActiveCfg = DLL Release|Win32
		{BD09DA06-6D2E-4FB0-AE39-1BAE9FDAA9DD}.DLL Release|Win32.Build.0 = DLL Release|Win32
		{BD09DA06-6D2E-4FB0-AE39-1BAE9FDAA9DD}.DLL Release|x64.ActiveCfg = DLL Release|x64
		{BD09DA06-6D2E-4FB0-AE39-1BAE9FDAA9DD}.Release|Win32.ActiveCfg = Release|Win32
		{BD09DA06-6D2E-4FB0-AE39-1BAE9FDAA9DD}.Release|Win32.Build.0 = Release|Win32
		{BD09DA06-6D2E-4FB0-AE39-1BAE9FDAA9DD}.Release|x64.ActiveCfg = Release|x64
		{8DD810D6-159B-4C40-B682-FCA11F9B3680}.Debug|Win32.ActiveCfg = Debug|Win32
		{8DD810D6-159B-4C40-B682-FCA11F9B3680}.Debug|Win32.Build.0 = Debug|Win32
		{8DD810D6-159B-4C40-B682-FCA11F9B3680}.Debug|x64.ActiveCfg = Debug|x64
		{8DD810D6-159B-4C40-B682-FCA11F9B3680}.Debug|x64.Build.0 = Debug|x64
		{8DD810D6-159B-4C40-B682-FCA11F9B3680}.DLL Debug|Win32.ActiveCfg = DLL Debug|Win32
		{8DD810D6-159B-4C40-B682-FCA11F9B3680}.DLL Debug|Win32.Build.0 = DLL Debug|Win32
		{8DD810D6-159B-4C40-B682-FCA11F9B3680}.DLL Debug|x64.ActiveCfg = Debug|x64
		{8DD810D6-159B-4C40-B682-FCA11F9B3680}.DLL Debug|x64.Build.0 = Debug|x64
		{8DD810D6-159B-4C40-B682-FCA11F9B3680}.DLL Release|Win32.ActiveCfg = DLL Release|Win32
		{8DD810D6-159B-4C40-B682-FCA11F9B3680}.DLL Release|Win32.Build.0 = DLL Release|Win32
		{8DD810D6-159B-4C40-B682-FCA11F9B3680}.DLL Release|x64.ActiveCfg = Release|x64
		{8DD810D6-159B-4C40-B682-FCA11F9B3680}.DLL Release|x64.Build.0 = Release|x64
		{8DD810D6-159B-4C40-B682-FCA11F9B3680}.Release|Win32.ActiveCfg = Release|Win32
		{8DD810D6-159B-4C40-B682-FCA11F9B3680}.Release|Win32.Build.0 = Release|Win32
		{8DD810D6-159B-4C40-B682-FCA11F9B3680}.Release|x64.ActiveCfg = Release|x64
		{8DD810D6-159B-4C40-B682-FCA11F9B3680}.Release|x64.Build.0 = Release|x64
	EndGlobalSection
	GlobalSection(SolutionProperties) = preSolution
		HideSolutionNode = FALSE
	EndGlobalSection
	GlobalSection(ExtensibilityGlobals) = postSolution
		SolutionGuid = {A0B37101-A4ED-4067-8240-E824A04F25C7}
	EndGlobalSection
EndGlobal
