dependencies:
  espressif/mdns:
    component_hash: 3f3bf8ff67ec99dde4e935637af087ebc899b9fee396ffa1c9138d3775f1aca4
    source:
      service_url: https://api.components.espressif.com/
      type: service
    version: 1.0.9
  idf:
    component_hash: null
    source:
      type: idf
    version: 5.0.0
manifest_hash: 75ba99ffdcf0badf6c931d3b664f3b152222e487b4637a1c98df91bcf29b105a
target: esp32
version: 1.0.0
